
Microsoft Visual Studio Solution File, Format Version 12.00
# Visual Studio Version 16
VisualStudioVersion = 16.0.31005.135
MinimumVisualStudioVersion = 10.0.40219.1
Project("{9A19103F-16F7-4668-BE54-9A1E7A4F7556}") = "Web", "Web\Web.csproj", "{0B572741-8C73-4142-94BD-702EFDFD2C85}"
EndProject
Project("{9A19103F-16F7-4668-BE54-9A1E7A4F7556}") = "Domain", "Domain\Domain.csproj", "{F00A275E-239E-41EB-BC2F-2F108E63E0F1}"
EndProject
Project("{9A19103F-16F7-4668-BE54-9A1E7A4F7556}") = "Infrastructure", "Infrastructure\Infrastructure.csproj", "{B975D6F5-CEFA-42AC-818F-B2329B5F8271}"
EndProject
Project("{2150E333-8FDC-42A3-9474-1A3956D46DE8}") = "0. Shared", "0. Shared", "{08409BA9-90A8-4AE1-A93F-7A43AF830577}"
EndProject
Project("{2150E333-8FDC-42A3-9474-1A3956D46DE8}") = "2. CultureInfo", "2. CultureInfo", "{6E66F10C-04DB-4332-959F-B38E3A01CD64}"
EndProject
Project("{9A19103F-16F7-4668-BE54-9A1E7A4F7556}") = "Exploring CultureInfo", "Exploring CultureInfo\Exploring CultureInfo.csproj", "{17B1F28F-60BD-4C0E-8A07-0213E99CA939}"
EndProject
Project("{2150E333-8FDC-42A3-9474-1A3956D46DE8}") = "1. Example Application", "1. Example Application", "{660704A3-82D2-4062-89CE-AEA2D4225060}"
EndProject
Project("{2150E333-8FDC-42A3-9474-1A3956D46DE8}") = "3. Globalizing Different .NET Applications", "3. Globalizing Different .NET Applications", "{646EF208-AEB8-4996-A5B4-181388D479E8}"
EndProject
Project("{9A19103F-16F7-4668-BE54-9A1E7A4F7556}") = "Using Resource Files", "Using Resource Files\Using Resource Files.csproj", "{73FFE730-46B1-4174-BBFD-A6741D4F5C80}"
EndProject
Project("{2150E333-8FDC-42A3-9474-1A3956D46DE8}") = "4. Displaying Numbers as Strings", "4. Displaying Numbers as Strings", "{24A1ED93-BC22-4864-9595-49DC9764BAC1}"
EndProject
Global
	GlobalSection(SolutionConfigurationPlatforms) = preSolution
		Debug|Any CPU = Debug|Any CPU
		Release|Any CPU = Release|Any CPU
	EndGlobalSection
	GlobalSection(ProjectConfigurationPlatforms) = postSolution
		{0B572741-8C73-4142-94BD-702EFDFD2C85}.Debug|Any CPU.ActiveCfg = Debug|Any CPU
		{0B572741-8C73-4142-94BD-702EFDFD2C85}.Debug|Any CPU.Build.0 = Debug|Any CPU
		{0B572741-8C73-4142-94BD-702EFDFD2C85}.Release|Any CPU.ActiveCfg = Release|Any CPU
		{0B572741-8C73-4142-94BD-702EFDFD2C85}.Release|Any CPU.Build.0 = Release|Any CPU
		{F00A275E-239E-41EB-BC2F-2F108E63E0F1}.Debug|Any CPU.ActiveCfg = Debug|Any CPU
		{F00A275E-239E-41EB-BC2F-2F108E63E0F1}.Debug|Any CPU.Build.0 = Debug|Any CPU
		{F00A275E-239E-41EB-BC2F-2F108E63E0F1}.Release|Any CPU.ActiveCfg = Release|Any CPU
		{F00A275E-239E-41EB-BC2F-2F108E63E0F1}.Release|Any CPU.Build.0 = Release|Any CPU
		{B975D6F5-CEFA-42AC-818F-B2329B5F8271}.Debug|Any CPU.ActiveCfg = Debug|Any CPU
		{B975D6F5-CEFA-42AC-818F-B2329B5F8271}.Debug|Any CPU.Build.0 = Debug|Any CPU
		{B975D6F5-CEFA-42AC-818F-B2329B5F8271}.Release|Any CPU.ActiveCfg = Release|Any CPU
		{B975D6F5-CEFA-42AC-818F-B2329B5F8271}.Release|Any CPU.Build.0 = Release|Any CPU
		{17B1F28F-60BD-4C0E-8A07-0213E99CA939}.Debug|Any CPU.ActiveCfg = Debug|Any CPU
		{17B1F28F-60BD-4C0E-8A07-0213E99CA939}.Debug|Any CPU.Build.0 = Debug|Any CPU
		{17B1F28F-60BD-4C0E-8A07-0213E99CA939}.Release|Any CPU.ActiveCfg = Release|Any CPU
		{17B1F28F-60BD-4C0E-8A07-0213E99CA939}.Release|Any CPU.Build.0 = Release|Any CPU
		{73FFE730-46B1-4174-BBFD-A6741D4F5C80}.Debug|Any CPU.ActiveCfg = Debug|Any CPU
		{73FFE730-46B1-4174-BBFD-A6741D4F5C80}.Debug|Any CPU.Build.0 = Debug|Any CPU
		{73FFE730-46B1-4174-BBFD-A6741D4F5C80}.Release|Any CPU.ActiveCfg = Release|Any CPU
		{73FFE730-46B1-4174-BBFD-A6741D4F5C80}.Release|Any CPU.Build.0 = Release|Any CPU
	EndGlobalSection
	GlobalSection(SolutionProperties) = preSolution
		HideSolutionNode = FALSE
	EndGlobalSection
	GlobalSection(NestedProjects) = preSolution
		{0B572741-8C73-4142-94BD-702EFDFD2C85} = {660704A3-82D2-4062-89CE-AEA2D4225060}
		{F00A275E-239E-41EB-BC2F-2F108E63E0F1} = {08409BA9-90A8-4AE1-A93F-7A43AF830577}
		{B975D6F5-CEFA-42AC-818F-B2329B5F8271} = {08409BA9-90A8-4AE1-A93F-7A43AF830577}
		{17B1F28F-60BD-4C0E-8A07-0213E99CA939} = {6E66F10C-04DB-4332-959F-B38E3A01CD64}
		{73FFE730-46B1-4174-BBFD-A6741D4F5C80} = {646EF208-AEB8-4996-A5B4-181388D479E8}
	EndGlobalSection
	GlobalSection(ExtensibilityGlobals) = postSolution
		SolutionGuid = {477809FF-842B-4A47-AA65-3540927F8C0E}
	EndGlobalSection
EndGlobal
